
Microsoft Visual Studio Solution File, Format Version 12.00
# Visual Studio Version 17
VisualStudioVersion = 17.4.33205.214
MinimumVisualStudioVersion = 10.0.40219.1
Project("{FAE04EC0-301F-11D3-BF4B-00C04F79EFBC}") = "CartasCredito", "CartasCredito\CartasCredito.csproj", "{840414BA-5E54-46A1-9913-1F6CF58E8DF8}"
EndProject
Global
	GlobalSection(SolutionConfigurationPlatforms) = preSolution
		Debug|Any CPU = Debug|Any CPU
		Release|Any CPU = Release|Any CPU
	EndGlobalSection
	GlobalSection(ProjectConfigurationPlatforms) = postSolution
		{840414BA-5E54-46A1-9913-1F6CF58E8DF8}.Debug|Any CPU.ActiveCfg = Debug|Any CPU
		{840414BA-5E54-46A1-9913-1F6CF58E8DF8}.Debug|Any CPU.Build.0 = Debug|Any CPU
		{840414BA-5E54-46A1-9913-1F6CF58E8DF8}.Release|Any CPU.ActiveCfg = Release|Any CPU
		{840414BA-5E54-46A1-9913-1F6CF58E8DF8}.Release|Any CPU.Build.0 = Release|Any CPU
	EndGlobalSection
	GlobalSection(SolutionProperties) = preSolution
		HideSolutionNode = FALSE
	EndGlobalSection
	GlobalSection(ExtensibilityGlobals) = postSolution
		SolutionGuid = {17D6A47C-1BB9-48A8-BAEA-84AAAA425023}
	EndGlobalSection
EndGlobal
